{
  "name": "spexplorerjs.node",
  "version": "0.0.0",
  "lockfileVersion": 1,
  "requires": true,
  "dependencies": {
    "@types/node": {
      "version": "8.10.28",
      "resolved": "https://registry.npmjs.org/@types/node/-/node-8.10.28.tgz",
      "integrity": "sha512-iHsAzDg3OLH7JP+wipniUULHoDSWLgEDYOvsar6/mpAkTJd9/n23Ap8ikruMlvRTqMv/LXrflH9v/AfiEqaBGg==",
      "dev": true
    }
  }
}
